
Microsoft Visual Studio Solution File, Format Version 12.00
# Visual Studio Version 17
VisualStudioVersion = 17.4.33403.182
MinimumVisualStudioVersion = 10.0.40219.1
Project("{2150E333-8FDC-42A3-9474-1A3956D46DE8}") = "Solution Items", "Solution Items", "{AA99358F-888E-4ECA-B56B-101050E45336}"
	ProjectSection(SolutionItems) = preProject
		DockerfileSolutionRestore.txt = DockerfileSolutionRestore.txt
	EndProjectSection
EndProject
Project("{2150E333-8FDC-42A3-9474-1A3956D46DE8}") = "src", "src", "{F01DE11D-731E-4A91-8295-6E31FE1650BF}"
EndProject
Project("{2150E333-8FDC-42A3-9474-1A3956D46DE8}") = "Web", "Web", "{AF95FBEF-552E-44E8-92FA-7BB28D559C0E}"
EndProject
Project("{9A19103F-16F7-4668-BE54-9A1E7A4F7556}") = "WebMVC", "Web\WebMVC\WebMVC.csproj", "{CB418EF3-247B-475B-BF97-1A6E87C5D4A0}"
EndProject
Project("{E53339B2-1760-4266-BCC7-CA923CBCF16C}") = "docker-compose", "docker-compose.dcproj", "{D0D36F70-3786-4532-8883-AA7C2600AAFC}"
EndProject
Project("{2150E333-8FDC-42A3-9474-1A3956D46DE8}") = "Services", "Services", "{305286EA-BFFC-4054-9188-8D86363264CF}"
EndProject
Project("{2150E333-8FDC-42A3-9474-1A3956D46DE8}") = "Common", "Common", "{9B900BF5-6743-4FF9-939B-229D8FABE383}"
EndProject
Project("{9A19103F-16F7-4668-BE54-9A1E7A4F7556}") = "CommonCore", "Common\CommonCore\CommonCore.csproj", "{45106BD4-A5AB-4C26-9B87-504316D0F4EB}"
EndProject
Project("{9A19103F-16F7-4668-BE54-9A1E7A4F7556}") = "Common", "Common\Common\Common.csproj", "{02E03835-36CA-4345-AB4A-14FA6E6FB863}"
EndProject
Project("{9A19103F-16F7-4668-BE54-9A1E7A4F7556}") = "TestAdService", "Services\TestAdService\TestAdService.csproj", "{F8A93837-F68D-4946-9BF3-5378460C4A04}"
EndProject
Project("{9A19103F-16F7-4668-BE54-9A1E7A4F7556}") = "VkService", "Services\VkService\VkService.csproj", "{4627DA95-6C5B-4F36-9DB3-5B485A6F8120}"
EndProject
Project("{9A19103F-16F7-4668-BE54-9A1E7A4F7556}") = "EventBusRabbitMQ", "Common\EventBusRabbitMQ\EventBusRabbitMQ.csproj", "{62A5EC0C-83F1-4D05-86E5-438205AEA1D5}"
EndProject
Project("{9A19103F-16F7-4668-BE54-9A1E7A4F7556}") = "YtService", "Services\YtService\YtService.csproj", "{E90C1E0F-972C-43EB-A4F6-4A71AD8A6EC6}"
EndProject
Global
	GlobalSection(SolutionConfigurationPlatforms) = preSolution
		Debug|Any CPU = Debug|Any CPU
		Release|Any CPU = Release|Any CPU
	EndGlobalSection
	GlobalSection(ProjectConfigurationPlatforms) = postSolution
		{CB418EF3-247B-475B-BF97-1A6E87C5D4A0}.Debug|Any CPU.ActiveCfg = Debug|Any CPU
		{CB418EF3-247B-475B-BF97-1A6E87C5D4A0}.Debug|Any CPU.Build.0 = Debug|Any CPU
		{CB418EF3-247B-475B-BF97-1A6E87C5D4A0}.Release|Any CPU.ActiveCfg = Release|Any CPU
		{CB418EF3-247B-475B-BF97-1A6E87C5D4A0}.Release|Any CPU.Build.0 = Release|Any CPU
		{D0D36F70-3786-4532-8883-AA7C2600AAFC}.Debug|Any CPU.ActiveCfg = Debug|Any CPU
		{D0D36F70-3786-4532-8883-AA7C2600AAFC}.Debug|Any CPU.Build.0 = Debug|Any CPU
		{D0D36F70-3786-4532-8883-AA7C2600AAFC}.Release|Any CPU.ActiveCfg = Release|Any CPU
		{D0D36F70-3786-4532-8883-AA7C2600AAFC}.Release|Any CPU.Build.0 = Release|Any CPU
		{45106BD4-A5AB-4C26-9B87-504316D0F4EB}.Debug|Any CPU.ActiveCfg = Debug|Any CPU
		{45106BD4-A5AB-4C26-9B87-504316D0F4EB}.Debug|Any CPU.Build.0 = Debug|Any CPU
		{45106BD4-A5AB-4C26-9B87-504316D0F4EB}.Release|Any CPU.ActiveCfg = Release|Any CPU
		{45106BD4-A5AB-4C26-9B87-504316D0F4EB}.Release|Any CPU.Build.0 = Release|Any CPU
		{02E03835-36CA-4345-AB4A-14FA6E6FB863}.Debug|Any CPU.ActiveCfg = Debug|Any CPU
		{02E03835-36CA-4345-AB4A-14FA6E6FB863}.Debug|Any CPU.Build.0 = Debug|Any CPU
		{02E03835-36CA-4345-AB4A-14FA6E6FB863}.Release|Any CPU.ActiveCfg = Release|Any CPU
		{02E03835-36CA-4345-AB4A-14FA6E6FB863}.Release|Any CPU.Build.0 = Release|Any CPU
		{F8A93837-F68D-4946-9BF3-5378460C4A04}.Debug|Any CPU.ActiveCfg = Debug|Any CPU
		{F8A93837-F68D-4946-9BF3-5378460C4A04}.Debug|Any CPU.Build.0 = Debug|Any CPU
		{F8A93837-F68D-4946-9BF3-5378460C4A04}.Release|Any CPU.ActiveCfg = Release|Any CPU
		{F8A93837-F68D-4946-9BF3-5378460C4A04}.Release|Any CPU.Build.0 = Release|Any CPU
		{4627DA95-6C5B-4F36-9DB3-5B485A6F8120}.Debug|Any CPU.ActiveCfg = Debug|Any CPU
		{4627DA95-6C5B-4F36-9DB3-5B485A6F8120}.Debug|Any CPU.Build.0 = Debug|Any CPU
		{4627DA95-6C5B-4F36-9DB3-5B485A6F8120}.Release|Any CPU.ActiveCfg = Release|Any CPU
		{4627DA95-6C5B-4F36-9DB3-5B485A6F8120}.Release|Any CPU.Build.0 = Release|Any CPU
		{62A5EC0C-83F1-4D05-86E5-438205AEA1D5}.Debug|Any CPU.ActiveCfg = Debug|Any CPU
		{62A5EC0C-83F1-4D05-86E5-438205AEA1D5}.Debug|Any CPU.Build.0 = Debug|Any CPU
		{62A5EC0C-83F1-4D05-86E5-438205AEA1D5}.Release|Any CPU.ActiveCfg = Release|Any CPU
		{62A5EC0C-83F1-4D05-86E5-438205AEA1D5}.Release|Any CPU.Build.0 = Release|Any CPU
		{E90C1E0F-972C-43EB-A4F6-4A71AD8A6EC6}.Debug|Any CPU.ActiveCfg = Debug|Any CPU
		{E90C1E0F-972C-43EB-A4F6-4A71AD8A6EC6}.Debug|Any CPU.Build.0 = Debug|Any CPU
		{E90C1E0F-972C-43EB-A4F6-4A71AD8A6EC6}.Release|Any CPU.ActiveCfg = Release|Any CPU
		{E90C1E0F-972C-43EB-A4F6-4A71AD8A6EC6}.Release|Any CPU.Build.0 = Release|Any CPU
	EndGlobalSection
	GlobalSection(SolutionProperties) = preSolution
		HideSolutionNode = FALSE
	EndGlobalSection
	GlobalSection(NestedProjects) = preSolution
		{AF95FBEF-552E-44E8-92FA-7BB28D559C0E} = {F01DE11D-731E-4A91-8295-6E31FE1650BF}
		{CB418EF3-247B-475B-BF97-1A6E87C5D4A0} = {AF95FBEF-552E-44E8-92FA-7BB28D559C0E}
		{305286EA-BFFC-4054-9188-8D86363264CF} = {F01DE11D-731E-4A91-8295-6E31FE1650BF}
		{9B900BF5-6743-4FF9-939B-229D8FABE383} = {F01DE11D-731E-4A91-8295-6E31FE1650BF}
		{45106BD4-A5AB-4C26-9B87-504316D0F4EB} = {9B900BF5-6743-4FF9-939B-229D8FABE383}
		{02E03835-36CA-4345-AB4A-14FA6E6FB863} = {9B900BF5-6743-4FF9-939B-229D8FABE383}
		{F8A93837-F68D-4946-9BF3-5378460C4A04} = {305286EA-BFFC-4054-9188-8D86363264CF}
		{4627DA95-6C5B-4F36-9DB3-5B485A6F8120} = {305286EA-BFFC-4054-9188-8D86363264CF}
		{62A5EC0C-83F1-4D05-86E5-438205AEA1D5} = {9B900BF5-6743-4FF9-939B-229D8FABE383}
		{E90C1E0F-972C-43EB-A4F6-4A71AD8A6EC6} = {305286EA-BFFC-4054-9188-8D86363264CF}
	EndGlobalSection
	GlobalSection(ExtensibilityGlobals) = postSolution
		SolutionGuid = {12DCEBDA-BC76-4444-B250-F3E855BC7E86}
	EndGlobalSection
EndGlobal
